
Microsoft Visual Studio Solution File, Format Version 12.00
# Visual Studio Version 17
VisualStudioVersion = 17.3.32929.385
MinimumVisualStudioVersion = 10.0.40219.1
Project("{2150E333-8FDC-42A3-9474-1A3956D46DE8}") = "src", "src", "{5B5E327B-4C43-4198-96A7-DC0DBC409030}"
EndProject
Project("{9A19103F-16F7-4668-BE54-9A1E7A4F7556}") = "SimpleStart.Core", "SimpleStart.Core\SimpleStart.Core.csproj", "{D2659063-41C1-4BD2-8C96-0EB21F7B9968}"
EndProject
Project("{9A19103F-16F7-4668-BE54-9A1E7A4F7556}") = "SimpleStart.Auth.Firebase", "SimpleStart.FirebaseAuth.Server\SimpleStart.Auth.Firebase.csproj", "{03231F6C-76F0-4E2A-857D-5A5A69606463}"
EndProject
Project("{FAE04EC0-301F-11D3-BF4B-00C04F79EFBC}") = "WebApplication4", "WebApplication4\WebApplication4.csproj", "{F3BEAE82-48C0-4FDE-AC50-5E283AD70707}"
EndProject
Global
	GlobalSection(SolutionConfigurationPlatforms) = preSolution
		Debug|Any CPU = Debug|Any CPU
		Release|Any CPU = Release|Any CPU
	EndGlobalSection
	GlobalSection(ProjectConfigurationPlatforms) = postSolution
		{D2659063-41C1-4BD2-8C96-0EB21F7B9968}.Debug|Any CPU.ActiveCfg = Debug|Any CPU
		{D2659063-41C1-4BD2-8C96-0EB21F7B9968}.Debug|Any CPU.Build.0 = Debug|Any CPU
		{D2659063-41C1-4BD2-8C96-0EB21F7B9968}.Release|Any CPU.ActiveCfg = Release|Any CPU
		{D2659063-41C1-4BD2-8C96-0EB21F7B9968}.Release|Any CPU.Build.0 = Release|Any CPU
		{03231F6C-76F0-4E2A-857D-5A5A69606463}.Debug|Any CPU.ActiveCfg = Debug|Any CPU
		{03231F6C-76F0-4E2A-857D-5A5A69606463}.Debug|Any CPU.Build.0 = Debug|Any CPU
		{03231F6C-76F0-4E2A-857D-5A5A69606463}.Release|Any CPU.ActiveCfg = Release|Any CPU
		{03231F6C-76F0-4E2A-857D-5A5A69606463}.Release|Any CPU.Build.0 = Release|Any CPU
		{F3BEAE82-48C0-4FDE-AC50-5E283AD70707}.Debug|Any CPU.ActiveCfg = Debug|Any CPU
		{F3BEAE82-48C0-4FDE-AC50-5E283AD70707}.Debug|Any CPU.Build.0 = Debug|Any CPU
		{F3BEAE82-48C0-4FDE-AC50-5E283AD70707}.Release|Any CPU.ActiveCfg = Release|Any CPU
		{F3BEAE82-48C0-4FDE-AC50-5E283AD70707}.Release|Any CPU.Build.0 = Release|Any CPU
	EndGlobalSection
	GlobalSection(SolutionProperties) = preSolution
		HideSolutionNode = FALSE
	EndGlobalSection
	GlobalSection(NestedProjects) = preSolution
		{D2659063-41C1-4BD2-8C96-0EB21F7B9968} = {5B5E327B-4C43-4198-96A7-DC0DBC409030}
		{03231F6C-76F0-4E2A-857D-5A5A69606463} = {5B5E327B-4C43-4198-96A7-DC0DBC409030}
		{F3BEAE82-48C0-4FDE-AC50-5E283AD70707} = {5B5E327B-4C43-4198-96A7-DC0DBC409030}
	EndGlobalSection
	GlobalSection(ExtensibilityGlobals) = postSolution
		SolutionGuid = {DE1DAE17-239A-48A4-BC41-C440EF626467}
	EndGlobalSection
EndGlobal
